
Microsoft Visual Studio Solution File, Format Version 12.00
# Visual Studio Version 17
VisualStudioVersion = 17.11.35312.102
MinimumVisualStudioVersion = 10.0.40219.1
Project("{9A19103F-16F7-4668-BE54-9A1E7A4F7556}") = "Demo1", "Demo1.csproj", "{42F7062B-A266-4D11-A0E3-7C75F1DC0858}"
EndProject
Project("{9A19103F-16F7-4668-BE54-9A1E7A4F7556}") = "Demo1Client", "..\Demo1Client\Demo1Client.csproj", "{937F8875-797E-4BB2-8D5F-E5FB2C106DF3}"
EndProject
Project("{FAE04EC0-301F-11D3-BF4B-00C04F79EFBC}") = "WpfApp1", "..\WpfApp1\WpfApp1.csproj", "{B363C673-EF10-4336-BCEB-AF680E54B74A}"
EndProject
Global
	GlobalSection(SolutionConfigurationPlatforms) = preSolution
		Debug|Any CPU = Debug|Any CPU
		Release|Any CPU = Release|Any CPU
	EndGlobalSection
	GlobalSection(ProjectConfigurationPlatforms) = postSolution
		{42F7062B-A266-4D11-A0E3-7C75F1DC0858}.Debug|Any CPU.ActiveCfg = Debug|Any CPU
		{42F7062B-A266-4D11-A0E3-7C75F1DC0858}.Debug|Any CPU.Build.0 = Debug|Any CPU
		{42F7062B-A266-4D11-A0E3-7C75F1DC0858}.Release|Any CPU.ActiveCfg = Release|Any CPU
		{42F7062B-A266-4D11-A0E3-7C75F1DC0858}.Release|Any CPU.Build.0 = Release|Any CPU
		{937F8875-797E-4BB2-8D5F-E5FB2C106DF3}.Debug|Any CPU.ActiveCfg = Debug|Any CPU
		{937F8875-797E-4BB2-8D5F-E5FB2C106DF3}.Debug|Any CPU.Build.0 = Debug|Any CPU
		{937F8875-797E-4BB2-8D5F-E5FB2C106DF3}.Release|Any CPU.ActiveCfg = Release|Any CPU
		{937F8875-797E-4BB2-8D5F-E5FB2C106DF3}.Release|Any CPU.Build.0 = Release|Any CPU
		{B363C673-EF10-4336-BCEB-AF680E54B74A}.Debug|Any CPU.ActiveCfg = Debug|Any CPU
		{B363C673-EF10-4336-BCEB-AF680E54B74A}.Debug|Any CPU.Build.0 = Debug|Any CPU
		{B363C673-EF10-4336-BCEB-AF680E54B74A}.Release|Any CPU.ActiveCfg = Release|Any CPU
		{B363C673-EF10-4336-BCEB-AF680E54B74A}.Release|Any CPU.Build.0 = Release|Any CPU
	EndGlobalSection
	GlobalSection(SolutionProperties) = preSolution
		HideSolutionNode = FALSE
	EndGlobalSection
	GlobalSection(ExtensibilityGlobals) = postSolution
		SolutionGuid = {08F1F866-62D4-4677-B834-9F39583BEBA5}
	EndGlobalSection
EndGlobal
